{
  "name": "@opentui-web/audit",
  "lockfileVersion": 3,
  "requires": true,
  "packages": {
    "": {
      "name": "@opentui-web/audit",
      "dependencies": {
        "@mdn/browser-compat-data": "^8.0.8"
      }
    },
    "node_modules/@mdn/browser-compat-data": {
      "version": "8.0.8",
      "resolved": "https://registry.npmjs.org/@mdn/browser-compat-data/-/browser-compat-data-8.0.8.tgz",
      "integrity": "sha512-Rutrrc3FYOc+um4/QC4WFETNk2fV8NKWoqQl3tQfcVTQ1WFaoJRbsJBasSF34ltitmnYYD6ZsKW1cOQtSj1jbQ==",
      "license": "CC0-1.0"
    }
  }
}
